// !$*UTF8*$!
{
	archiveVersion = 1;
	classes = {
	};
	objectVersion = 51;
	objects = {

/* Begin PBXBuildFile section */
		061CBF9379D11C5EA9BEBEFB /* Pods_CodingChallengeApp.framework in Frameworks */ = {isa = PBXBuildFile; fileRef = 1710475926C814AE9AD7E2C7 /* Pods_CodingChallengeApp.framework */; };
		28206AE37ECC9AFD832B4B19 /* Pods_CodingChallengeApp_CodingChallengeAppTests.framework in Frameworks */ = {isa = PBXBuildFile; fileRef = 9975D9F9B0DFBDBE56919619 /* Pods_CodingChallengeApp_CodingChallengeAppTests.framework */; };
		8B2495552446A3C2004D01AC /* SearchSpec.swift in Sources */ = {isa = PBXBuildFile; fileRef = 8B2495542446A3C2004D01AC /* SearchSpec.swift */; };
		8B7C01A423CF794A00923A28 /* AppNavigationController.swift in Sources */ = {isa = PBXBuildFile; fileRef = 8B7C01A323CF794A00923A28 /* AppNavigationController.swift */; };
		8B884E4A23D1ACA50056058B /* BaseDataSource.swift in Sources */ = {isa = PBXBuildFile; fileRef = 8B884E4923D1ACA50056058B /* BaseDataSource.swift */; };
		8B884E4C23D1ACB50056058B /* AlbumsDataSource.swift in Sources */ = {isa = PBXBuildFile; fileRef = 8B884E4B23D1ACB50056058B /* AlbumsDataSource.swift */; };
		8B884E5123D1C8C90056058B /* Date+Ext.swift in Sources */ = {isa = PBXBuildFile; fileRef = 8B884E5023D1C8C90056058B /* Date+Ext.swift */; };
		8B891C0923D14F6A0009C4A4 /* RealmServices.swift in Sources */ = {isa = PBXBuildFile; fileRef = 8B891C0823D14F6A0009C4A4 /* RealmServices.swift */; };
		8B891C0D23D159760009C4A4 /* BaseNetwork.swift in Sources */ = {isa = PBXBuildFile; fileRef = 8B891C0C23D159760009C4A4 /* BaseNetwork.swift */; };
		8B891C0F23D159C20009C4A4 /* PresentableError.swift in Sources */ = {isa = PBXBuildFile; fileRef = 8B891C0E23D159C20009C4A4 /* PresentableError.swift */; };
		8B891C1223D15A210009C4A4 /* BaseServices.swift in Sources */ = {isa = PBXBuildFile; fileRef = 8B891C1123D15A210009C4A4 /* BaseServices.swift */; };
		8B891C1423D16A960009C4A4 /* SearchNetwork.swift in Sources */ = {isa = PBXBuildFile; fileRef = 8B891C1323D16A960009C4A4 /* SearchNetwork.swift */; };
		8B891C1623D16B0A0009C4A4 /* LookupNetwork.swift in Sources */ = {isa = PBXBuildFile; fileRef = 8B891C1523D16B0A0009C4A4 /* LookupNetwork.swift */; };
		8BC73FD62447FEF4001C06A1 /* search.json in Resources */ = {isa = PBXBuildFile; fileRef = 8B33CCA82445B9F7008A83B4 /* search.json */; };
		8BF9C4B724480B7A000C9797 /* ServiceMockPlugin.swift in Sources */ = {isa = PBXBuildFile; fileRef = 8BF9C4B624480B7A000C9797 /* ServiceMockPlugin.swift */; };
		8BF9C4B9244815C6000C9797 /* detail.json in Resources */ = {isa = PBXBuildFile; fileRef = 8BF9C4B8244815C6000C9797 /* detail.json */; };
		8BF9C4BB24481616000C9797 /* LookupSpec.swift in Sources */ = {isa = PBXBuildFile; fileRef = 8BF9C4BA24481616000C9797 /* LookupSpec.swift */; };
		8BF9C4BD24481A5E000C9797 /* MasterControllerUISpec.swift in Sources */ = {isa = PBXBuildFile; fileRef = 8BF9C4BC24481A5E000C9797 /* MasterControllerUISpec.swift */; };
		8BF9C4BF24481DC3000C9797 /* DetailControllerUISpec.swift in Sources */ = {isa = PBXBuildFile; fileRef = 8BF9C4BE24481DC3000C9797 /* DetailControllerUISpec.swift */; };
		F30F9C6122FF204F00262900 /* AppDelegate.swift in Sources */ = {isa = PBXBuildFile; fileRef = F30F9C6022FF204F00262900 /* AppDelegate.swift */; };
		F30F9C6A22FF205000262900 /* Assets.xcassets in Resources */ = {isa = PBXBuildFile; fileRef = F30F9C6922FF205000262900 /* Assets.xcassets */; };
		F30F9C9822FF20E700262900 /* LookupService.swift in Sources */ = {isa = PBXBuildFile; fileRef = F30F9C7522FF20E700262900 /* LookupService.swift */; };
		F30F9C9A22FF20E700262900 /* SearchService.swift in Sources */ = {isa = PBXBuildFile; fileRef = F30F9C7722FF20E700262900 /* SearchService.swift */; };
		F30F9C9B22FF20E700262900 /* MasterViewModel.swift in Sources */ = {isa = PBXBuildFile; fileRef = F30F9C7922FF20E700262900 /* MasterViewModel.swift */; };
		F30F9C9C22FF20E700262900 /* DetailViewModel.swift in Sources */ = {isa = PBXBuildFile; fileRef = F30F9C7A22FF20E700262900 /* DetailViewModel.swift */; };
		F30F9C9D22FF20E700262900 /* Album.swift in Sources */ = {isa = PBXBuildFile; fileRef = F30F9C7C22FF20E700262900 /* Album.swift */; };
		F30F9C9E22FF20E700262900 /* UIImageView+Ext.swift in Sources */ = {isa = PBXBuildFile; fileRef = F30F9C7E22FF20E700262900 /* UIImageView+Ext.swift */; };
		F30F9C9F22FF20E700262900 /* UITableViewCell+Ext.swift in Sources */ = {isa = PBXBuildFile; fileRef = F30F9C7F22FF20E700262900 /* UITableViewCell+Ext.swift */; };
		F30F9CA022FF20E700262900 /* Double+Ext.swift in Sources */ = {isa = PBXBuildFile; fileRef = F30F9C8022FF20E700262900 /* Double+Ext.swift */; };
		F30F9CA122FF20E700262900 /* UITableView+Ext.swift in Sources */ = {isa = PBXBuildFile; fileRef = F30F9C8122FF20E700262900 /* UITableView+Ext.swift */; };
		F30F9CA622FF20E700262900 /* DetailController.swift in Sources */ = {isa = PBXBuildFile; fileRef = F30F9C8822FF20E700262900 /* DetailController.swift */; };
		F30F9CA722FF20E700262900 /* MasterController.swift in Sources */ = {isa = PBXBuildFile; fileRef = F30F9C8922FF20E700262900 /* MasterController.swift */; };
		F30F9CA822FF20E700262900 /* LaunchScreen.storyboard in Resources */ = {isa = PBXBuildFile; fileRef = F30F9C8B22FF20E700262900 /* LaunchScreen.storyboard */; };
		F30F9CA922FF20E700262900 /* Main.storyboard in Resources */ = {isa = PBXBuildFile; fileRef = F30F9C8D22FF20E700262900 /* Main.storyboard */; };
		F30F9CAA22FF20E700262900 /* AlbumCell.swift in Sources */ = {isa = PBXBuildFile; fileRef = F30F9C9022FF20E700262900 /* AlbumCell.swift */; };
		F30F9CAB22FF20E700262900 /* AppStoryboard.swift in Sources */ = {isa = PBXBuildFile; fileRef = F30F9C9122FF20E700262900 /* AppStoryboard.swift */; };
		F30F9CAC22FF20E700262900 /* ParameterBuilder.swift in Sources */ = {isa = PBXBuildFile; fileRef = F30F9C9322FF20E700262900 /* ParameterBuilder.swift */; };
		F30F9CAE22FF20E700262900 /* NibLoadableView.swift in Sources */ = {isa = PBXBuildFile; fileRef = F30F9C9522FF20E700262900 /* NibLoadableView.swift */; };
		F30F9CAF22FF20E700262900 /* ReusableView.swift in Sources */ = {isa = PBXBuildFile; fileRef = F30F9C9622FF20E700262900 /* ReusableView.swift */; };
		F30F9CB222FF24A600262900 /* README.md in Resources */ = {isa = PBXBuildFile; fileRef = F30F9CB122FF24A600262900 /* README.md */; };
/* End PBXBuildFile section */

/* Begin PBXContainerItemProxy section */
		8B33CC9F2445AAE3008A83B4 /* PBXContainerItemProxy */ = {
			isa = PBXContainerItemProxy;
			containerPortal = F30F9C5522FF204F00262900 /* Project object */;
			proxyType = 1;
			remoteGlobalIDString = F30F9C5C22FF204F00262900;
			remoteInfo = CodingChallengeApp;
		};
/* End PBXContainerItemProxy section */

/* Begin PBXFileReference section */
		1710475926C814AE9AD7E2C7 /* Pods_CodingChallengeApp.framework */ = {isa = PBXFileReference; explicitFileType = wrapper.framework; includeInIndex = 0; path = Pods_CodingChallengeApp.framework; sourceTree = BUILT_PRODUCTS_DIR; };
		269978A79A00FF7F0A69D5BD /* Pods-CodingChallengeApp-CodingChallengeAppTests.release.xcconfig */ = {isa = PBXFileReference; includeInIndex = 1; lastKnownFileType = text.xcconfig; name = "Pods-CodingChallengeApp-CodingChallengeAppTests.release.xcconfig"; path = "Target Support Files/Pods-CodingChallengeApp-CodingChallengeAppTests/Pods-CodingChallengeApp-CodingChallengeAppTests.release.xcconfig"; sourceTree = "<group>"; };
		320BCE6C945908E1D0509549 /* Pods-CodingChallengeApp.debug.xcconfig */ = {isa = PBXFileReference; includeInIndex = 1; lastKnownFileType = text.xcconfig; name = "Pods-CodingChallengeApp.debug.xcconfig"; path = "Target Support Files/Pods-CodingChallengeApp/Pods-CodingChallengeApp.debug.xcconfig"; sourceTree = "<group>"; };
		5098624537663A1F8688E427 /* Pods-CodingChallengeApp.release.xcconfig */ = {isa = PBXFileReference; includeInIndex = 1; lastKnownFileType = text.xcconfig; name = "Pods-CodingChallengeApp.release.xcconfig"; path = "Target Support Files/Pods-CodingChallengeApp/Pods-CodingChallengeApp.release.xcconfig"; sourceTree = "<group>"; };
		8B2495542446A3C2004D01AC /* SearchSpec.swift */ = {isa = PBXFileReference; lastKnownFileType = sourcecode.swift; path = SearchSpec.swift; sourceTree = "<group>"; };
		8B33CC9A2445AAE3008A83B4 /* CodingChallengeAppTests.xctest */ = {isa = PBXFileReference; explicitFileType = wrapper.cfbundle; includeInIndex = 0; path = CodingChallengeAppTests.xctest; sourceTree = BUILT_PRODUCTS_DIR; };
		8B33CC9E2445AAE3008A83B4 /* Info.plist */ = {isa = PBXFileReference; lastKnownFileType = text.plist.xml; path = Info.plist; sourceTree = "<group>"; };
		8B33CCA82445B9F7008A83B4 /* search.json */ = {isa = PBXFileReference; lastKnownFileType = text.json; path = search.json; sourceTree = "<group>"; };
		8B7C01A323CF794A00923A28 /* AppNavigationController.swift */ = {isa = PBXFileReference; lastKnownFileType = sourcecode.swift; path = AppNavigationController.swift; sourceTree = "<group>"; };
		8B884E4923D1ACA50056058B /* BaseDataSource.swift */ = {isa = PBXFileReference; lastKnownFileType = sourcecode.swift; path = BaseDataSource.swift; sourceTree = "<group>"; };
		8B884E4B23D1ACB50056058B /* AlbumsDataSource.swift */ = {isa = PBXFileReference; lastKnownFileType = sourcecode.swift; path = AlbumsDataSource.swift; sourceTree = "<group>"; };
		8B884E5023D1C8C90056058B /* Date+Ext.swift */ = {isa = PBXFileReference; lastKnownFileType = sourcecode.swift; path = "Date+Ext.swift"; sourceTree = "<group>"; };
		8B891C0823D14F6A0009C4A4 /* RealmServices.swift */ = {isa = PBXFileReference; lastKnownFileType = sourcecode.swift; path = RealmServices.swift; sourceTree = "<group>"; };
		8B891C0C23D159760009C4A4 /* BaseNetwork.swift */ = {isa = PBXFileReference; lastKnownFileType = sourcecode.swift; path = BaseNetwork.swift; sourceTree = "<group>"; };
		8B891C0E23D159C20009C4A4 /* PresentableError.swift */ = {isa = PBXFileReference; lastKnownFileType = sourcecode.swift; path = PresentableError.swift; sourceTree = "<group>"; };
		8B891C1123D15A210009C4A4 /* BaseServices.swift */ = {isa = PBXFileReference; lastKnownFileType = sourcecode.swift; path = BaseServices.swift; sourceTree = "<group>"; };
		8B891C1323D16A960009C4A4 /* SearchNetwork.swift */ = {isa = PBXFileReference; lastKnownFileType = sourcecode.swift; path = SearchNetwork.swift; sourceTree = "<group>"; };
		8B891C1523D16B0A0009C4A4 /* LookupNetwork.swift */ = {isa = PBXFileReference; lastKnownFileType = sourcecode.swift; path = LookupNetwork.swift; sourceTree = "<group>"; };
		8BF9C4B624480B7A000C9797 /* ServiceMockPlugin.swift */ = {isa = PBXFileReference; lastKnownFileType = sourcecode.swift; path = ServiceMockPlugin.swift; sourceTree = "<group>"; };
		8BF9C4B8244815C6000C9797 /* detail.json */ = {isa = PBXFileReference; lastKnownFileType = text.json; path = detail.json; sourceTree = "<group>"; };
		8BF9C4BA24481616000C9797 /* LookupSpec.swift */ = {isa = PBXFileReference; lastKnownFileType = sourcecode.swift; path = LookupSpec.swift; sourceTree = "<group>"; };
		8BF9C4BC24481A5E000C9797 /* MasterControllerUISpec.swift */ = {isa = PBXFileReference; lastKnownFileType = sourcecode.swift; path = MasterControllerUISpec.swift; sourceTree = "<group>"; };
		8BF9C4BE24481DC3000C9797 /* DetailControllerUISpec.swift */ = {isa = PBXFileReference; lastKnownFileType = sourcecode.swift; path = DetailControllerUISpec.swift; sourceTree = "<group>"; };
		95CD33C675F49E2BEB812EA0 /* Pods-CodingChallengeApp-CodingChallengeAppTests.debug.xcconfig */ = {isa = PBXFileReference; includeInIndex = 1; lastKnownFileType = text.xcconfig; name = "Pods-CodingChallengeApp-CodingChallengeAppTests.debug.xcconfig"; path = "Target Support Files/Pods-CodingChallengeApp-CodingChallengeAppTests/Pods-CodingChallengeApp-CodingChallengeAppTests.debug.xcconfig"; sourceTree = "<group>"; };
		9975D9F9B0DFBDBE56919619 /* Pods_CodingChallengeApp_CodingChallengeAppTests.framework */ = {isa = PBXFileReference; explicitFileType = wrapper.framework; includeInIndex = 0; path = Pods_CodingChallengeApp_CodingChallengeAppTests.framework; sourceTree = BUILT_PRODUCTS_DIR; };
		F30F9C5D22FF204F00262900 /* CodingChallengeApp.app */ = {isa = PBXFileReference; explicitFileType = wrapper.application; includeInIndex = 0; path = CodingChallengeApp.app; sourceTree = BUILT_PRODUCTS_DIR; };
		F30F9C6022FF204F00262900 /* AppDelegate.swift */ = {isa = PBXFileReference; lastKnownFileType = sourcecode.swift; path = AppDelegate.swift; sourceTree = "<group>"; };
		F30F9C6922FF205000262900 /* Assets.xcassets */ = {isa = PBXFileReference; lastKnownFileType = folder.assetcatalog; path = Assets.xcassets; sourceTree = "<group>"; };
		F30F9C6E22FF205000262900 /* Info.plist */ = {isa = PBXFileReference; lastKnownFileType = text.plist.xml; path = Info.plist; sourceTree = "<group>"; };
		F30F9C7522FF20E700262900 /* LookupService.swift */ = {isa = PBXFileReference; fileEncoding = 4; lastKnownFileType = sourcecode.swift; path = LookupService.swift; sourceTree = "<group>"; };
		F30F9C7722FF20E700262900 /* SearchService.swift */ = {isa = PBXFileReference; fileEncoding = 4; lastKnownFileType = sourcecode.swift; path = SearchService.swift; sourceTree = "<group>"; };
		F30F9C7922FF20E700262900 /* MasterViewModel.swift */ = {isa = PBXFileReference; fileEncoding = 4; lastKnownFileType = sourcecode.swift; path = MasterViewModel.swift; sourceTree = "<group>"; };
		F30F9C7A22FF20E700262900 /* DetailViewModel.swift */ = {isa = PBXFileReference; fileEncoding = 4; lastKnownFileType = sourcecode.swift; path = DetailViewModel.swift; sourceTree = "<group>"; };
		F30F9C7C22FF20E700262900 /* Album.swift */ = {isa = PBXFileReference; fileEncoding = 4; lastKnownFileType = sourcecode.swift; path = Album.swift; sourceTree = "<group>"; };
		F30F9C7E22FF20E700262900 /* UIImageView+Ext.swift */ = {isa = PBXFileReference; fileEncoding = 4; lastKnownFileType = sourcecode.swift; path = "UIImageView+Ext.swift"; sourceTree = "<group>"; };
		F30F9C7F22FF20E700262900 /* UITableViewCell+Ext.swift */ = {isa = PBXFileReference; fileEncoding = 4; lastKnownFileType = sourcecode.swift; path = "UITableViewCell+Ext.swift"; sourceTree = "<group>"; };
		F30F9C8022FF20E700262900 /* Double+Ext.swift */ = {isa = PBXFileReference; fileEncoding = 4; lastKnownFileType = sourcecode.swift; path = "Double+Ext.swift"; sourceTree = "<group>"; };
		F30F9C8122FF20E700262900 /* UITableView+Ext.swift */ = {isa = PBXFileReference; fileEncoding = 4; lastKnownFileType = sourcecode.swift; path = "UITableView+Ext.swift"; sourceTree = "<group>"; };
		F30F9C8822FF20E700262900 /* DetailController.swift */ = {isa = PBXFileReference; fileEncoding = 4; lastKnownFileType = sourcecode.swift; path = DetailController.swift; sourceTree = "<group>"; };
		F30F9C8922FF20E700262900 /* MasterController.swift */ = {isa = PBXFileReference; fileEncoding = 4; lastKnownFileType = sourcecode.swift; path = MasterController.swift; sourceTree = "<group>"; };
		F30F9C8C22FF20E700262900 /* Base */ = {isa = PBXFileReference; lastKnownFileType = file.storyboard; name = Base; path = Base.lproj/LaunchScreen.storyboard; sourceTree = "<group>"; };
		F30F9C8E22FF20E700262900 /* Base */ = {isa = PBXFileReference; lastKnownFileType = file.storyboard; name = Base; path = Base.lproj/Main.storyboard; sourceTree = "<group>"; };
		F30F9C9022FF20E700262900 /* AlbumCell.swift */ = {isa = PBXFileReference; fileEncoding = 4; lastKnownFileType = sourcecode.swift; path = AlbumCell.swift; sourceTree = "<group>"; };
		F30F9C9122FF20E700262900 /* AppStoryboard.swift */ = {isa = PBXFileReference; fileEncoding = 4; lastKnownFileType = sourcecode.swift; path = AppStoryboard.swift; sourceTree = "<group>"; };
		F30F9C9322FF20E700262900 /* ParameterBuilder.swift */ = {isa = PBXFileReference; fileEncoding = 4; lastKnownFileType = sourcecode.swift; path = ParameterBuilder.swift; sourceTree = "<group>"; };
		F30F9C9522FF20E700262900 /* NibLoadableView.swift */ = {isa = PBXFileReference; fileEncoding = 4; lastKnownFileType = sourcecode.swift; path = NibLoadableView.swift; sourceTree = "<group>"; };
		F30F9C9622FF20E700262900 /* ReusableView.swift */ = {isa = PBXFileReference; fileEncoding = 4; lastKnownFileType = sourcecode.swift; path = ReusableView.swift; sourceTree = "<group>"; };
		F30F9CB122FF24A600262900 /* README.md */ = {isa = PBXFileReference; lastKnownFileType = net.daringfireball.markdown; path = README.md; sourceTree = "<group>"; };
/* End PBXFileReference section */

/* Begin PBXFrameworksBuildPhase section */
		8B33CC972445AAE3008A83B4 /* Frameworks */ = {
			isa = PBXFrameworksBuildPhase;
			buildActionMask = 2147483647;
			files = (
				28206AE37ECC9AFD832B4B19 /* Pods_CodingChallengeApp_CodingChallengeAppTests.framework in Frameworks */,
			);
			runOnlyForDeploymentPostprocessing = 0;
		};
		F30F9C5A22FF204F00262900 /* Frameworks */ = {
			isa = PBXFrameworksBuildPhase;
			buildActionMask = 2147483647;
			files = (
				061CBF9379D11C5EA9BEBEFB /* Pods_CodingChallengeApp.framework in Frameworks */,
			);
			runOnlyForDeploymentPostprocessing = 0;
		};
/* End PBXFrameworksBuildPhase section */

/* Begin PBXGroup section */
		15F4942F5EA740C524295A6F /* Pods */ = {
			isa = PBXGroup;
			children = (
				320BCE6C945908E1D0509549 /* Pods-CodingChallengeApp.debug.xcconfig */,
				5098624537663A1F8688E427 /* Pods-CodingChallengeApp.release.xcconfig */,
				95CD33C675F49E2BEB812EA0 /* Pods-CodingChallengeApp-CodingChallengeAppTests.debug.xcconfig */,
				269978A79A00FF7F0A69D5BD /* Pods-CodingChallengeApp-CodingChallengeAppTests.release.xcconfig */,
			);
			path = Pods;
			sourceTree = "<group>";
		};
		8B07241E24495679005BB928 /* App */ = {
			isa = PBXGroup;
			children = (
				8B891C0823D14F6A0009C4A4 /* RealmServices.swift */,
				F30F9C9122FF20E700262900 /* AppStoryboard.swift */,
				F30F9C6022FF204F00262900 /* AppDelegate.swift */,
			);
			path = App;
			sourceTree = "<group>";
		};
		8B33CC9B2445AAE3008A83B4 /* CodingChallengeAppTests */ = {
			isa = PBXGroup;
			children = (
				8B2495542446A3C2004D01AC /* SearchSpec.swift */,
				8BF9C4BA24481616000C9797 /* LookupSpec.swift */,
				8BF9C4BC24481A5E000C9797 /* MasterControllerUISpec.swift */,
				8BF9C4BE24481DC3000C9797 /* DetailControllerUISpec.swift */,
				8BF9C4B624480B7A000C9797 /* ServiceMockPlugin.swift */,
				8B33CC9E2445AAE3008A83B4 /* Info.plist */,
			);
			path = CodingChallengeAppTests;
			sourceTree = "<group>";
		};
		8B33CCA72445B9D9008A83B4 /* ResponseJSON */ = {
			isa = PBXGroup;
			children = (
				8B33CCA82445B9F7008A83B4 /* search.json */,
				8BF9C4B8244815C6000C9797 /* detail.json */,
			);
			path = ResponseJSON;
			sourceTree = "<group>";
		};
		8B884E4823D1AC860056058B /* DataSources */ = {
			isa = PBXGroup;
			children = (
				8B884E4923D1ACA50056058B /* BaseDataSource.swift */,
				8B884E4B23D1ACB50056058B /* AlbumsDataSource.swift */,
			);
			path = DataSources;
			sourceTree = "<group>";
		};
		8B891C0B23D1596A0009C4A4 /* Network */ = {
			isa = PBXGroup;
			children = (
				8B891C0C23D159760009C4A4 /* BaseNetwork.swift */,
				8B891C1323D16A960009C4A4 /* SearchNetwork.swift */,
				8B891C1523D16B0A0009C4A4 /* LookupNetwork.swift */,
			);
			path = Network;
			sourceTree = "<group>";
		};
		8B891C1023D159DA0009C4A4 /* API */ = {
			isa = PBXGroup;
			children = (
				8B33CCA72445B9D9008A83B4 /* ResponseJSON */,
				8B891C0B23D1596A0009C4A4 /* Network */,
				F30F9C7422FF20E700262900 /* Services */,
			);
			path = API;
			sourceTree = "<group>";
		};
		8BAA5EFE24458C5E0074CC88 /* Resources */ = {
			isa = PBXGroup;
			children = (
				F30F9C6922FF205000262900 /* Assets.xcassets */,
			);
			path = Resources;
			sourceTree = "<group>";
		};
		F1859307B383ACBE3A3F2852 /* Frameworks */ = {
			isa = PBXGroup;
			children = (
				1710475926C814AE9AD7E2C7 /* Pods_CodingChallengeApp.framework */,
				9975D9F9B0DFBDBE56919619 /* Pods_CodingChallengeApp_CodingChallengeAppTests.framework */,
			);
			name = Frameworks;
			sourceTree = "<group>";
		};
		F30F9C5422FF204F00262900 = {
			isa = PBXGroup;
			children = (
				F30F9CB122FF24A600262900 /* README.md */,
				F30F9C5F22FF204F00262900 /* CodingChallengeApp */,
				8B33CC9B2445AAE3008A83B4 /* CodingChallengeAppTests */,
				F30F9C5E22FF204F00262900 /* Products */,
				15F4942F5EA740C524295A6F /* Pods */,
				F1859307B383ACBE3A3F2852 /* Frameworks */,
			);
			sourceTree = "<group>";
		};
		F30F9C5E22FF204F00262900 /* Products */ = {
			isa = PBXGroup;
			children = (
				F30F9C5D22FF204F00262900 /* CodingChallengeApp.app */,
				8B33CC9A2445AAE3008A83B4 /* CodingChallengeAppTests.xctest */,
			);
			name = Products;
			sourceTree = "<group>";
		};
		F30F9C5F22FF204F00262900 /* CodingChallengeApp */ = {
			isa = PBXGroup;
			children = (
				8B884E4823D1AC860056058B /* DataSources */,
				F30F9C7B22FF20E700262900 /* Models */,
				8B891C1023D159DA0009C4A4 /* API */,
				8B07241E24495679005BB928 /* App */,
				F30F9C7D22FF20E700262900 /* Extensions */,
				F30F9C9222FF20E700262900 /* Helpers */,
				F30F9C8A22FF20E700262900 /* Views */,
				F30F9C8722FF20E700262900 /* ViewControllers */,
				F30F9C7822FF20E700262900 /* ViewModels */,
				8BAA5EFE24458C5E0074CC88 /* Resources */,
				F30F9C6E22FF205000262900 /* Info.plist */,
			);
			path = CodingChallengeApp;
			sourceTree = "<group>";
		};
		F30F9C7422FF20E700262900 /* Services */ = {
			isa = PBXGroup;
			children = (
				F30F9C7522FF20E700262900 /* LookupService.swift */,
				F30F9C7722FF20E700262900 /* SearchService.swift */,
				8B891C1123D15A210009C4A4 /* BaseServices.swift */,
			);
			path = Services;
			sourceTree = "<group>";
		};
		F30F9C7822FF20E700262900 /* ViewModels */ = {
			isa = PBXGroup;
			children = (
				F30F9C7922FF20E700262900 /* MasterViewModel.swift */,
				F30F9C7A22FF20E700262900 /* DetailViewModel.swift */,
			);
			path = ViewModels;
			sourceTree = "<group>";
		};
		F30F9C7B22FF20E700262900 /* Models */ = {
			isa = PBXGroup;
			children = (
				F30F9C7C22FF20E700262900 /* Album.swift */,
				8B891C0E23D159C20009C4A4 /* PresentableError.swift */,
			);
			path = Models;
			sourceTree = "<group>";
		};
		F30F9C7D22FF20E700262900 /* Extensions */ = {
			isa = PBXGroup;
			children = (
				F30F9C7E22FF20E700262900 /* UIImageView+Ext.swift */,
				F30F9C7F22FF20E700262900 /* UITableViewCell+Ext.swift */,
				F30F9C8022FF20E700262900 /* Double+Ext.swift */,
				F30F9C8122FF20E700262900 /* UITableView+Ext.swift */,
				8B884E5023D1C8C90056058B /* Date+Ext.swift */,
			);
			path = Extensions;
			sourceTree = "<group>";
		};
		F30F9C8722FF20E700262900 /* ViewControllers */ = {
			isa = PBXGroup;
			children = (
				F30F9C8822FF20E700262900 /* DetailController.swift */,
				F30F9C8922FF20E700262900 /* MasterController.swift */,
				8B7C01A323CF794A00923A28 /* AppNavigationController.swift */,
			);
			path = ViewControllers;
			sourceTree = "<group>";
		};
		F30F9C8A22FF20E700262900 /* Views */ = {
			isa = PBXGroup;
			children = (
				F30F9C8B22FF20E700262900 /* LaunchScreen.storyboard */,
				F30F9C8D22FF20E700262900 /* Main.storyboard */,
				F30F9C8F22FF20E700262900 /* Cell */,
			);
			path = Views;
			sourceTree = "<group>";
		};
		F30F9C8F22FF20E700262900 /* Cell */ = {
			isa = PBXGroup;
			children = (
				F30F9C9022FF20E700262900 /* AlbumCell.swift */,
			);
			path = Cell;
			sourceTree = "<group>";
		};
		F30F9C9222FF20E700262900 /* Helpers */ = {
			isa = PBXGroup;
			children = (
				F30F9C9322FF20E700262900 /* ParameterBuilder.swift */,
				F30F9C9522FF20E700262900 /* NibLoadableView.swift */,
				F30F9C9622FF20E700262900 /* ReusableView.swift */,
			);
			path = Helpers;
			sourceTree = "<group>";
		};
/* End PBXGroup section */

/* Begin PBXNativeTarget section */
		8B33CC992445AAE3008A83B4 /* CodingChallengeAppTests */ = {
			isa = PBXNativeTarget;
			buildConfigurationList = 8B33CCA12445AAE3008A83B4 /* Build configuration list for PBXNativeTarget "CodingChallengeAppTests" */;
			buildPhases = (
				11A12C98CC5C9C0FA6EDB9FD /* [CP] Check Pods Manifest.lock */,
				8B33CC962445AAE3008A83B4 /* Sources */,
				8B33CC972445AAE3008A83B4 /* Frameworks */,
				8B33CC982445AAE3008A83B4 /* Resources */,
				BA642D8AE09785862A862714 /* [CP] Embed Pods Frameworks */,
			);
			buildRules = (
			);
			dependencies = (
				8B33CCA02445AAE3008A83B4 /* PBXTargetDependency */,
			);
			name = CodingChallengeAppTests;
			productName = CodingChallengeAppTests;
			productReference = 8B33CC9A2445AAE3008A83B4 /* CodingChallengeAppTests.xctest */;
			productType = "com.apple.product-type.bundle.unit-test";
		};
		F30F9C5C22FF204F00262900 /* CodingChallengeApp */ = {
			isa = PBXNativeTarget;
			buildConfigurationList = F30F9C7122FF205000262900 /* Build configuration list for PBXNativeTarget "CodingChallengeApp" */;
			buildPhases = (
				8A9765C1EC0251D581884319 /* [CP] Check Pods Manifest.lock */,
				F30F9C5922FF204F00262900 /* Sources */,
				F30F9C5A22FF204F00262900 /* Frameworks */,
				F30F9C5B22FF204F00262900 /* Resources */,
				8BB9FB16244575A7005F5C7F /* ShellScript */,
				8260E34FF04C58A1331C0BD3 /* [CP] Embed Pods Frameworks */,
			);
			buildRules = (
			);
			dependencies = (
			);
			name = CodingChallengeApp;
			productName = CodingChallengeApp;
			productReference = F30F9C5D22FF204F00262900 /* CodingChallengeApp.app */;
			productType = "com.apple.product-type.application";
		};
/* End PBXNativeTarget section */

/* Begin PBXProject section */
		F30F9C5522FF204F00262900 /* Project object */ = {
			isa = PBXProject;
			attributes = {
				LastSwiftUpdateCheck = 1110;
				LastUpgradeCheck = 1010;
				ORGANIZATIONNAME = Boni;
				TargetAttributes = {
					8B33CC992445AAE3008A83B4 = {
						CreatedOnToolsVersion = 11.1;
						TestTargetID = F30F9C5C22FF204F00262900;
					};
					F30F9C5C22FF204F00262900 = {
						CreatedOnToolsVersion = 10.1;
					};
				};
			};
			buildConfigurationList = F30F9C5822FF204F00262900 /* Build configuration list for PBXProject "CodingChallengeApp" */;
			compatibilityVersion = "Xcode 9.3";
			developmentRegion = en;
			hasScannedForEncodings = 0;
			knownRegions = (
				en,
				Base,
			);
			mainGroup = F30F9C5422FF204F00262900;
			productRefGroup = F30F9C5E22FF204F00262900 /* Products */;
			projectDirPath = "";
			projectRoot = "";
			targets = (
				F30F9C5C22FF204F00262900 /* CodingChallengeApp */,
				8B33CC992445AAE3008A83B4 /* CodingChallengeAppTests */,
			);
		};
/* End PBXProject section */

/* Begin PBXResourcesBuildPhase section */
		8B33CC982445AAE3008A83B4 /* Resources */ = {
			isa = PBXResourcesBuildPhase;
			buildActionMask = 2147483647;
			files = (
			);
			runOnlyForDeploymentPostprocessing = 0;
		};
		F30F9C5B22FF204F00262900 /* Resources */ = {
			isa = PBXResourcesBuildPhase;
			buildActionMask = 2147483647;
			files = (
				8BF9C4B9244815C6000C9797 /* detail.json in Resources */,
				F30F9CA922FF20E700262900 /* Main.storyboard in Resources */,
				F30F9CA822FF20E700262900 /* LaunchScreen.storyboard in Resources */,
				8BC73FD62447FEF4001C06A1 /* search.json in Resources */,
				F30F9CB222FF24A600262900 /* README.md in Resources */,
				F30F9C6A22FF205000262900 /* Assets.xcassets in Resources */,
			);
			runOnlyForDeploymentPostprocessing = 0;
		};
/* End PBXResourcesBuildPhase section */

/* Begin PBXShellScriptBuildPhase section */
		11A12C98CC5C9C0FA6EDB9FD /* [CP] Check Pods Manifest.lock */ = {
			isa = PBXShellScriptBuildPhase;
			buildActionMask = 2147483647;
			files = (
			);
			inputFileListPaths = (
			);
			inputPaths = (
				"${PODS_PODFILE_DIR_PATH}/Podfile.lock",
				"${PODS_ROOT}/Manifest.lock",
			);
			name = "[CP] Check Pods Manifest.lock";
			outputFileListPaths = (
			);
			outputPaths = (
				"$(DERIVED_FILE_DIR)/Pods-CodingChallengeApp-CodingChallengeAppTests-checkManifestLockResult.txt",
			);
			runOnlyForDeploymentPostprocessing = 0;
			shellPath = /bin/sh;
			shellScript = "diff \"${PODS_PODFILE_DIR_PATH}/Podfile.lock\" \"${PODS_ROOT}/Manifest.lock\" > /dev/null\nif [ $? != 0 ] ; then\n    # print error to STDERR\n    echo \"error: The sandbox is not in sync with the Podfile.lock. Run 'pod install' or update your CocoaPods installation.\" >&2\n    exit 1\nfi\n# This output is used by Xcode 'outputs' to avoid re-running this script phase.\necho \"SUCCESS\" > \"${SCRIPT_OUTPUT_FILE_0}\"\n";
			showEnvVarsInLog = 0;
		};
		8260E34FF04C58A1331C0BD3 /* [CP] Embed Pods Frameworks */ = {
			isa = PBXShellScriptBuildPhase;
			buildActionMask = 2147483647;
			files = (
			);
			inputFileListPaths = (
				"${PODS_ROOT}/Target Support Files/Pods-CodingChallengeApp/Pods-CodingChallengeApp-frameworks-${CONFIGURATION}-input-files.xcfilelist",
			);
			name = "[CP] Embed Pods Frameworks";
			outputFileListPaths = (
				"${PODS_ROOT}/Target Support Files/Pods-CodingChallengeApp/Pods-CodingChallengeApp-frameworks-${CONFIGURATION}-output-files.xcfilelist",
			);
			runOnlyForDeploymentPostprocessing = 0;
			shellPath = /bin/sh;
			shellScript = "\"${PODS_ROOT}/Target Support Files/Pods-CodingChallengeApp/Pods-CodingChallengeApp-frameworks.sh\"\n";
			showEnvVarsInLog = 0;
		};
		8A9765C1EC0251D581884319 /* [CP] Check Pods Manifest.lock */ = {
			isa = PBXShellScriptBuildPhase;
			buildActionMask = 2147483647;
			files = (
			);
			inputFileListPaths = (
			);
			inputPaths = (
				"${PODS_PODFILE_DIR_PATH}/Podfile.lock",
				"${PODS_ROOT}/Manifest.lock",
			);
			name = "[CP] Check Pods Manifest.lock";
			outputFileListPaths = (
			);
			outputPaths = (
				"$(DERIVED_FILE_DIR)/Pods-CodingChallengeApp-checkManifestLockResult.txt",
			);
			runOnlyForDeploymentPostprocessing = 0;
			shellPath = /bin/sh;
			shellScript = "diff \"${PODS_PODFILE_DIR_PATH}/Podfile.lock\" \"${PODS_ROOT}/Manifest.lock\" > /dev/null\nif [ $? != 0 ] ; then\n    # print error to STDERR\n    echo \"error: The sandbox is not in sync with the Podfile.lock. Run 'pod install' or update your CocoaPods installation.\" >&2\n    exit 1\nfi\n# This output is used by Xcode 'outputs' to avoid re-running this script phase.\necho \"SUCCESS\" > \"${SCRIPT_OUTPUT_FILE_0}\"\n";
			showEnvVarsInLog = 0;
		};
		8BB9FB16244575A7005F5C7F /* ShellScript */ = {
			isa = PBXShellScriptBuildPhase;
			buildActionMask = 2147483647;
			files = (
			);
			inputFileListPaths = (
			);
			inputPaths = (
			);
			outputFileListPaths = (
			);
			outputPaths = (
			);
			runOnlyForDeploymentPostprocessing = 0;
			shellPath = /bin/sh;
			shellScript = "# Type a script or drag a script file from your workspace to insert its path.\n${PODS_ROOT}/SwiftLint/swiftlint\n";
		};
		BA642D8AE09785862A862714 /* [CP] Embed Pods Frameworks */ = {
			isa = PBXShellScriptBuildPhase;
			buildActionMask = 2147483647;
			files = (
			);
			inputFileListPaths = (
				"${PODS_ROOT}/Target Support Files/Pods-CodingChallengeApp-CodingChallengeAppTests/Pods-CodingChallengeApp-CodingChallengeAppTests-frameworks-${CONFIGURATION}-input-files.xcfilelist",
			);
			name = "[CP] Embed Pods Frameworks";
			outputFileListPaths = (
				"${PODS_ROOT}/Target Support Files/Pods-CodingChallengeApp-CodingChallengeAppTests/Pods-CodingChallengeApp-CodingChallengeAppTests-frameworks-${CONFIGURATION}-output-files.xcfilelist",
			);
			runOnlyForDeploymentPostprocessing = 0;
			shellPath = /bin/sh;
			shellScript = "\"${PODS_ROOT}/Target Support Files/Pods-CodingChallengeApp-CodingChallengeAppTests/Pods-CodingChallengeApp-CodingChallengeAppTests-frameworks.sh\"\n";
			showEnvVarsInLog = 0;
		};
/* End PBXShellScriptBuildPhase section */

/* Begin PBXSourcesBuildPhase section */
		8B33CC962445AAE3008A83B4 /* Sources */ = {
			isa = PBXSourcesBuildPhase;
			buildActionMask = 2147483647;
			files = (
				8BF9C4BB24481616000C9797 /* LookupSpec.swift in Sources */,
				8B2495552446A3C2004D01AC /* SearchSpec.swift in Sources */,
				8BF9C4B724480B7A000C9797 /* ServiceMockPlugin.swift in Sources */,
				8BF9C4BD24481A5E000C9797 /* MasterControllerUISpec.swift in Sources */,
				8BF9C4BF24481DC3000C9797 /* DetailControllerUISpec.swift in Sources */,
			);
			runOnlyForDeploymentPostprocessing = 0;
		};
		F30F9C5922FF204F00262900 /* Sources */ = {
			isa = PBXSourcesBuildPhase;
			buildActionMask = 2147483647;
			files = (
				8B884E5123D1C8C90056058B /* Date+Ext.swift in Sources */,
				F30F9CAE22FF20E700262900 /* NibLoadableView.swift in Sources */,
				F30F9C9B22FF20E700262900 /* MasterViewModel.swift in Sources */,
				8B884E4A23D1ACA50056058B /* BaseDataSource.swift in Sources */,
				F30F9CAB22FF20E700262900 /* AppStoryboard.swift in Sources */,
				8B891C0F23D159C20009C4A4 /* PresentableError.swift in Sources */,
				8B891C1623D16B0A0009C4A4 /* LookupNetwork.swift in Sources */,
				8B884E4C23D1ACB50056058B /* AlbumsDataSource.swift in Sources */,
				F30F9CA022FF20E700262900 /* Double+Ext.swift in Sources */,
				F30F9C9822FF20E700262900 /* LookupService.swift in Sources */,
				8B7C01A423CF794A00923A28 /* AppNavigationController.swift in Sources */,
				F30F9CAC22FF20E700262900 /* ParameterBuilder.swift in Sources */,
				F30F9CA122FF20E700262900 /* UITableView+Ext.swift in Sources */,
				8B891C1223D15A210009C4A4 /* BaseServices.swift in Sources */,
				F30F9CAA22FF20E700262900 /* AlbumCell.swift in Sources */,
				F30F9CAF22FF20E700262900 /* ReusableView.swift in Sources */,
				F30F9C9A22FF20E700262900 /* SearchService.swift in Sources */,
				F30F9CA622FF20E700262900 /* DetailController.swift in Sources */,
				F30F9C9D22FF20E700262900 /* Album.swift in Sources */,
				F30F9C9E22FF20E700262900 /* UIImageView+Ext.swift in Sources */,
				8B891C0923D14F6A0009C4A4 /* RealmServices.swift in Sources */,
				8B891C0D23D159760009C4A4 /* BaseNetwork.swift in Sources */,
				8B891C1423D16A960009C4A4 /* SearchNetwork.swift in Sources */,
				F30F9C6122FF204F00262900 /* AppDelegate.swift in Sources */,
				F30F9CA722FF20E700262900 /* MasterController.swift in Sources */,
				F30F9C9F22FF20E700262900 /* UITableViewCell+Ext.swift in Sources */,
				F30F9C9C22FF20E700262900 /* DetailViewModel.swift in Sources */,
			);
			runOnlyForDeploymentPostprocessing = 0;
		};
/* End PBXSourcesBuildPhase section */

/* Begin PBXTargetDependency section */
		8B33CCA02445AAE3008A83B4 /* PBXTargetDependency */ = {
			isa = PBXTargetDependency;
			target = F30F9C5C22FF204F00262900 /* CodingChallengeApp */;
			targetProxy = 8B33CC9F2445AAE3008A83B4 /* PBXContainerItemProxy */;
		};
/* End PBXTargetDependency section */

/* Begin PBXVariantGroup section */
		F30F9C8B22FF20E700262900 /* LaunchScreen.storyboard */ = {
			isa = PBXVariantGroup;
			children = (
				F30F9C8C22FF20E700262900 /* Base */,
			);
			name = LaunchScreen.storyboard;
			sourceTree = "<group>";
		};
		F30F9C8D22FF20E700262900 /* Main.storyboard */ = {
			isa = PBXVariantGroup;
			children = (
				F30F9C8E22FF20E700262900 /* Base */,
			);
			name = Main.storyboard;
			sourceTree = "<group>";
		};
/* End PBXVariantGroup section */

/* Begin XCBuildConfiguration section */
		8B33CCA22445AAE3008A83B4 /* Debug */ = {
			isa = XCBuildConfiguration;
			baseConfigurationReference = 95CD33C675F49E2BEB812EA0 /* Pods-CodingChallengeApp-CodingChallengeAppTests.debug.xcconfig */;
			buildSettings = {
				BUNDLE_LOADER = "$(TEST_HOST)";
				CODE_SIGN_STYLE = Automatic;
				DEVELOPMENT_TEAM = HY9G5SD8RQ;
				INFOPLIST_FILE = CodingChallengeAppTests/Info.plist;
				IPHONEOS_DEPLOYMENT_TARGET = 13.1;
				LD_RUNPATH_SEARCH_PATHS = (
					"$(inherited)",
					"@executable_path/Frameworks",
					"@loader_path/Frameworks",
				);
				PRODUCT_BUNDLE_IDENTIFIER = com.apptiser.CodingChallengeAppTests;
				PRODUCT_NAME = "$(TARGET_NAME)";
				SWIFT_VERSION = 4.2;
				TARGETED_DEVICE_FAMILY = "1,2";
				TEST_HOST = "$(BUILT_PRODUCTS_DIR)/CodingChallengeApp.app/CodingChallengeApp";
			};
			name = Debug;
		};
		8B33CCA32445AAE3008A83B4 /* Release */ = {
			isa = XCBuildConfiguration;
			baseConfigurationReference = 269978A79A00FF7F0A69D5BD /* Pods-CodingChallengeApp-CodingChallengeAppTests.release.xcconfig */;
			buildSettings = {
				BUNDLE_LOADER = "$(TEST_HOST)";
				CODE_SIGN_STYLE = Automatic;
				DEVELOPMENT_TEAM = HY9G5SD8RQ;
				INFOPLIST_FILE = CodingChallengeAppTests/Info.plist;
				IPHONEOS_DEPLOYMENT_TARGET = 13.1;
				LD_RUNPATH_SEARCH_PATHS = (
					"$(inherited)",
					"@executable_path/Frameworks",
					"@loader_path/Frameworks",
				);
				PRODUCT_BUNDLE_IDENTIFIER = com.apptiser.CodingChallengeAppTests;
				PRODUCT_NAME = "$(TARGET_NAME)";
				SWIFT_VERSION = 4.2;
				TARGETED_DEVICE_FAMILY = "1,2";
				TEST_HOST = "$(BUILT_PRODUCTS_DIR)/CodingChallengeApp.app/CodingChallengeApp";
			};
			name = Release;
		};
		F30F9C6F22FF205000262900 /* Debug */ = {
			isa = XCBuildConfiguration;
			buildSettings = {
				ALWAYS_SEARCH_USER_PATHS = NO;
				CLANG_ANALYZER_NONNULL = YES;
				CLANG_ANALYZER_NUMBER_OBJECT_CONVERSION = YES_AGGRESSIVE;
				CLANG_CXX_LANGUAGE_STANDARD = "gnu++14";
				CLANG_CXX_LIBRARY = "libc++";
				CLANG_ENABLE_MODULES = YES;
				CLANG_ENABLE_OBJC_ARC = YES;
				CLANG_ENABLE_OBJC_WEAK = YES;
				CLANG_WARN_BLOCK_CAPTURE_AUTORELEASING = YES;
				CLANG_WARN_BOOL_CONVERSION = YES;
				CLANG_WARN_COMMA = YES;
				CLANG_WARN_CONSTANT_CONVERSION = YES;
				CLANG_WARN_DEPRECATED_OBJC_IMPLEMENTATIONS = YES;
				CLANG_WARN_DIRECT_OBJC_ISA_USAGE = YES_ERROR;
				CLANG_WARN_DOCUMENTATION_COMMENTS = YES;
				CLANG_WARN_EMPTY_BODY = YES;
				CLANG_WARN_ENUM_CONVERSION = YES;
				CLANG_WARN_INFINITE_RECURSION = YES;
				CLANG_WARN_INT_CONVERSION = YES;
				CLANG_WARN_NON_LITERAL_NULL_CONVERSION = YES;
				CLANG_WARN_OBJC_IMPLICIT_RETAIN_SELF = YES;
				CLANG_WARN_OBJC_LITERAL_CONVERSION = YES;
				CLANG_WARN_OBJC_ROOT_CLASS = YES_ERROR;
				CLANG_WARN_RANGE_LOOP_ANALYSIS = YES;
				CLANG_WARN_STRICT_PROTOTYPES = YES;
				CLANG_WARN_SUSPICIOUS_MOVE = YES;
				CLANG_WARN_UNGUARDED_AVAILABILITY = YES_AGGRESSIVE;
				CLANG_WARN_UNREACHABLE_CODE = YES;
				CLANG_WARN__DUPLICATE_METHOD_MATCH = YES;
				CODE_SIGN_IDENTITY = "iPhone Developer";
				COPY_PHASE_STRIP = NO;
				DEBUG_INFORMATION_FORMAT = dwarf;
				ENABLE_STRICT_OBJC_MSGSEND = YES;
				ENABLE_TESTABILITY = YES;
				GCC_C_LANGUAGE_STANDARD = gnu11;
				GCC_DYNAMIC_NO_PIC = NO;
				GCC_NO_COMMON_BLOCKS = YES;
				GCC_OPTIMIZATION_LEVEL = 0;
				GCC_PREPROCESSOR_DEFINITIONS = (
					"DEBUG=1",
					"$(inherited)",
				);
				GCC_WARN_64_TO_32_BIT_CONVERSION = YES;
				GCC_WARN_ABOUT_RETURN_TYPE = YES_ERROR;
				GCC_WARN_UNDECLARED_SELECTOR = YES;
				GCC_WARN_UNINITIALIZED_AUTOS = YES_AGGRESSIVE;
				GCC_WARN_UNUSED_FUNCTION = YES;
				GCC_WARN_UNUSED_VARIABLE = YES;
				IPHONEOS_DEPLOYMENT_TARGET = 10.0;
				MTL_ENABLE_DEBUG_INFO = INCLUDE_SOURCE;
				MTL_FAST_MATH = YES;
				ONLY_ACTIVE_ARCH = YES;
				SDKROOT = iphoneos;
				SWIFT_ACTIVE_COMPILATION_CONDITIONS = DEBUG;
				SWIFT_OPTIMIZATION_LEVEL = "-Onone";
			};
			name = Debug;
		};
		F30F9C7022FF205000262900 /* Release */ = {
			isa = XCBuildConfiguration;
			buildSettings = {
				ALWAYS_SEARCH_USER_PATHS = NO;
				CLANG_ANALYZER_NONNULL = YES;
				CLANG_ANALYZER_NUMBER_OBJECT_CONVERSION = YES_AGGRESSIVE;
				CLANG_CXX_LANGUAGE_STANDARD = "gnu++14";
				CLANG_CXX_LIBRARY = "libc++";
				CLANG_ENABLE_MODULES = YES;
				CLANG_ENABLE_OBJC_ARC = YES;
				CLANG_ENABLE_OBJC_WEAK = YES;
				CLANG_WARN_BLOCK_CAPTURE_AUTORELEASING = YES;
				CLANG_WARN_BOOL_CONVERSION = YES;
				CLANG_WARN_COMMA = YES;
				CLANG_WARN_CONSTANT_CONVERSION = YES;
				CLANG_WARN_DEPRECATED_OBJC_IMPLEMENTATIONS = YES;
				CLANG_WARN_DIRECT_OBJC_ISA_USAGE = YES_ERROR;
				CLANG_WARN_DOCUMENTATION_COMMENTS = YES;
				CLANG_WARN_EMPTY_BODY = YES;
				CLANG_WARN_ENUM_CONVERSION = YES;
				CLANG_WARN_INFINITE_RECURSION = YES;
				CLANG_WARN_INT_CONVERSION = YES;
				CLANG_WARN_NON_LITERAL_NULL_CONVERSION = YES;
				CLANG_WARN_OBJC_IMPLICIT_RETAIN_SELF = YES;
				CLANG_WARN_OBJC_LITERAL_CONVERSION = YES;
				CLANG_WARN_OBJC_ROOT_CLASS = YES_ERROR;
				CLANG_WARN_RANGE_LOOP_ANALYSIS = YES;
				CLANG_WARN_STRICT_PROTOTYPES = YES;
				CLANG_WARN_SUSPICIOUS_MOVE = YES;
				CLANG_WARN_UNGUARDED_AVAILABILITY = YES_AGGRESSIVE;
				CLANG_WARN_UNREACHABLE_CODE = YES;
				CLANG_WARN__DUPLICATE_METHOD_MATCH = YES;
				CODE_SIGN_IDENTITY = "iPhone Developer";
				COPY_PHASE_STRIP = NO;
				DEBUG_INFORMATION_FORMAT = "dwarf-with-dsym";
				ENABLE_NS_ASSERTIONS = NO;
				ENABLE_STRICT_OBJC_MSGSEND = YES;
				GCC_C_LANGUAGE_STANDARD = gnu11;
				GCC_NO_COMMON_BLOCKS = YES;
				GCC_WARN_64_TO_32_BIT_CONVERSION = YES;
				GCC_WARN_ABOUT_RETURN_TYPE = YES_ERROR;
				GCC_WARN_UNDECLARED_SELECTOR = YES;
				GCC_WARN_UNINITIALIZED_AUTOS = YES_AGGRESSIVE;
				GCC_WARN_UNUSED_FUNCTION = YES;
				GCC_WARN_UNUSED_VARIABLE = YES;
				IPHONEOS_DEPLOYMENT_TARGET = 10.0;
				MTL_ENABLE_DEBUG_INFO = NO;
				MTL_FAST_MATH = YES;
				SDKROOT = iphoneos;
				SWIFT_COMPILATION_MODE = wholemodule;
				SWIFT_OPTIMIZATION_LEVEL = "-O";
				VALIDATE_PRODUCT = YES;
			};
			name = Release;
		};
		F30F9C7222FF205000262900 /* Debug */ = {
			isa = XCBuildConfiguration;
			baseConfigurationReference = 320BCE6C945908E1D0509549 /* Pods-CodingChallengeApp.debug.xcconfig */;
			buildSettings = {
				ASSETCATALOG_COMPILER_APPICON_NAME = AppIcon;
				CODE_SIGN_STYLE = Automatic;
				DEVELOPMENT_TEAM = M9273SHW56;
				INFOPLIST_FILE = CodingChallengeApp/Info.plist;
				LD_RUNPATH_SEARCH_PATHS = (
					"$(inherited)",
					"@executable_path/Frameworks",
				);
				PRODUCT_BUNDLE_IDENTIFIER = com.boni.CodingChallengeApp;
				PRODUCT_NAME = "$(TARGET_NAME)";
				SWIFT_VERSION = 4.2;
				TARGETED_DEVICE_FAMILY = "1,2";
			};
			name = Debug;
		};
		F30F9C7322FF205000262900 /* Release */ = {
			isa = XCBuildConfiguration;
			baseConfigurationReference = 5098624537663A1F8688E427 /* Pods-CodingChallengeApp.release.xcconfig */;
			buildSettings = {
				ASSETCATALOG_COMPILER_APPICON_NAME = AppIcon;
				CODE_SIGN_STYLE = Automatic;
				DEVELOPMENT_TEAM = M9273SHW56;
				INFOPLIST_FILE = CodingChallengeApp/Info.plist;
				LD_RUNPATH_SEARCH_PATHS = (
					"$(inherited)",
					"@executable_path/Frameworks",
				);
				PRODUCT_BUNDLE_IDENTIFIER = com.boni.CodingChallengeApp;
				PRODUCT_NAME = "$(TARGET_NAME)";
				SWIFT_VERSION = 4.2;
				TARGETED_DEVICE_FAMILY = "1,2";
			};
			name = Release;
		};
/* End XCBuildConfiguration section */

/* Begin XCConfigurationList section */
		8B33CCA12445AAE3008A83B4 /* Build configuration list for PBXNativeTarget "CodingChallengeAppTests" */ = {
			isa = XCConfigurationList;
			buildConfigurations = (
				8B33CCA22445AAE3008A83B4 /* Debug */,
				8B33CCA32445AAE3008A83B4 /* Release */,
			);
			defaultConfigurationIsVisible = 0;
			defaultConfigurationName = Release;
		};
		F30F9C5822FF204F00262900 /* Build configuration list for PBXProject "CodingChallengeApp" */ = {
			isa = XCConfigurationList;
			buildConfigurations = (
				F30F9C6F22FF205000262900 /* Debug */,
				F30F9C7022FF205000262900 /* Release */,
			);
			defaultConfigurationIsVisible = 0;
			defaultConfigurationName = Release;
		};
		F30F9C7122FF205000262900 /* Build configuration list for PBXNativeTarget "CodingChallengeApp" */ = {
			isa = XCConfigurationList;
			buildConfigurations = (
				F30F9C7222FF205000262900 /* Debug */,
				F30F9C7322FF205000262900 /* Release */,
			);
			defaultConfigurationIsVisible = 0;
			defaultConfigurationName = Release;
		};
/* End XCConfigurationList section */
	};
	rootObject = F30F9C5522FF204F00262900 /* Project object */;
}
